// !$*UTF8*$!
{
	archiveVersion = 1;
	classes = {
	};
	objectVersion = 46;
	objects = {

/* Begin PBXBuildFile section */
		16B2B9B1943BB327C73FBC36 /* Pods_SwiftFireMessaging.framework in Frameworks */ = {isa = PBXBuildFile; fileRef = DDD3CE11D21D2998E749C1AF /* Pods_SwiftFireMessaging.framework */; };
		7635F7211E8B315100F69F81 /* AppDelegate.swift in Sources */ = {isa = PBXBuildFile; fileRef = 7635F7201E8B315100F69F81 /* AppDelegate.swift */; };
		7635F7231E8B315100F69F81 /* ViewController.swift in Sources */ = {isa = PBXBuildFile; fileRef = 7635F7221E8B315100F69F81 /* ViewController.swift */; };
		7635F7261E8B315100F69F81 /* Main.storyboard in Resources */ = {isa = PBXBuildFile; fileRef = 7635F7241E8B315100F69F81 /* Main.storyboard */; };
		7635F7291E8B315100F69F81 /* SwiftFireMessaging.xcdatamodeld in Sources */ = {isa = PBXBuildFile; fileRef = 7635F7271E8B315100F69F81 /* SwiftFireMessaging.xcdatamodeld */; };
		7635F72B1E8B315100F69F81 /* Assets.xcassets in Resources */ = {isa = PBXBuildFile; fileRef = 7635F72A1E8B315100F69F81 /* Assets.xcassets */; };
		7635F72E1E8B315100F69F81 /* LaunchScreen.storyboard in Resources */ = {isa = PBXBuildFile; fileRef = 7635F72C1E8B315100F69F81 /* LaunchScreen.storyboard */; };
		76DD8E641E8DFB2900B2AF63 /* GoogleService-Info.plist in Resources */ = {isa = PBXBuildFile; fileRef = 7676E4831E8DDC6C001F859B /* GoogleService-Info.plist */; };
/* End PBXBuildFile section */

/* Begin PBXFileReference section */
		7635F71D1E8B315100F69F81 /* SwiftFireMessaging.app */ = {isa = PBXFileReference; explicitFileType = wrapper.application; includeInIndex = 0; path = SwiftFireMessaging.app; sourceTree = BUILT_PRODUCTS_DIR; };
		7635F7201E8B315100F69F81 /* AppDelegate.swift */ = {isa = PBXFileReference; lastKnownFileType = sourcecode.swift; path = AppDelegate.swift; sourceTree = "<group>"; };
		7635F7221E8B315100F69F81 /* ViewController.swift */ = {isa = PBXFileReference; lastKnownFileType = sourcecode.swift; path = ViewController.swift; sourceTree = "<group>"; };
		7635F7251E8B315100F69F81 /* Base */ = {isa = PBXFileReference; lastKnownFileType = file.storyboard; name = Base; path = Base.lproj/Main.storyboard; sourceTree = "<group>"; };
		7635F7281E8B315100F69F81 /* SwiftFireMessaging.xcdatamodel */ = {isa = PBXFileReference; lastKnownFileType = wrapper.xcdatamodel; path = SwiftFireMessaging.xcdatamodel; sourceTree = "<group>"; };
		7635F72A1E8B315100F69F81 /* Assets.xcassets */ = {isa = PBXFileReference; lastKnownFileType = folder.assetcatalog; path = Assets.xcassets; sourceTree = "<group>"; };
		7635F72D1E8B315100F69F81 /* Base */ = {isa = PBXFileReference; lastKnownFileType = file.storyboard; name = Base; path = Base.lproj/LaunchScreen.storyboard; sourceTree = "<group>"; };
		7635F72F1E8B315100F69F81 /* Info.plist */ = {isa = PBXFileReference; lastKnownFileType = text.plist.xml; path = Info.plist; sourceTree = "<group>"; };
		7676E4831E8DDC6C001F859B /* GoogleService-Info.plist */ = {isa = PBXFileReference; fileEncoding = 4; lastKnownFileType = text.plist.xml; path = "GoogleService-Info.plist"; sourceTree = "<group>"; };
		9DA5190D24A056F63A87819A /* Pods-SwiftFireMessaging.debug.xcconfig */ = {isa = PBXFileReference; includeInIndex = 1; lastKnownFileType = text.xcconfig; name = "Pods-SwiftFireMessaging.debug.xcconfig"; path = "Pods/Target Support Files/Pods-SwiftFireMessaging/Pods-SwiftFireMessaging.debug.xcconfig"; sourceTree = "<group>"; };
		DB4DB5F0A90FEBAD0D14999F /* Pods-SwiftFireMessaging.release.xcconfig */ = {isa = PBXFileReference; includeInIndex = 1; lastKnownFileType = text.xcconfig; name = "Pods-SwiftFireMessaging.release.xcconfig"; path = "Pods/Target Support Files/Pods-SwiftFireMessaging/Pods-SwiftFireMessaging.release.xcconfig"; sourceTree = "<group>"; };
		DDD3CE11D21D2998E749C1AF /* Pods_SwiftFireMessaging.framework */ = {isa = PBXFileReference; explicitFileType = wrapper.framework; includeInIndex = 0; path = Pods_SwiftFireMessaging.framework; sourceTree = BUILT_PRODUCTS_DIR; };
/* End PBXFileReference section */

/* Begin PBXFrameworksBuildPhase section */
		7635F71A1E8B315100F69F81 /* Frameworks */ = {
			isa = PBXFrameworksBuildPhase;
			buildActionMask = 2147483647;
			files = (
				16B2B9B1943BB327C73FBC36 /* Pods_SwiftFireMessaging.framework in Frameworks */,
			);
			runOnlyForDeploymentPostprocessing = 0;
		};
/* End PBXFrameworksBuildPhase section */

/* Begin PBXGroup section */
		3DEE6767E07A9CCED52D2A85 /* Frameworks */ = {
			isa = PBXGroup;
			children = (
				DDD3CE11D21D2998E749C1AF /* Pods_SwiftFireMessaging.framework */,
			);
			name = Frameworks;
			sourceTree = "<group>";
		};
		7635F7141E8B315100F69F81 = {
			isa = PBXGroup;
			children = (
				7676E4831E8DDC6C001F859B /* GoogleService-Info.plist */,
				7635F71F1E8B315100F69F81 /* SwiftFireMessaging */,
				7635F71E1E8B315100F69F81 /* Products */,
				C0BE46CA19D8DF1B490D0B7E /* Pods */,
				3DEE6767E07A9CCED52D2A85 /* Frameworks */,
			);
			sourceTree = "<group>";
		};
		7635F71E1E8B315100F69F81 /* Products */ = {
			isa = PBXGroup;
			children = (
				7635F71D1E8B315100F69F81 /* SwiftFireMessaging.app */,
			);
			name = Products;
			sourceTree = "<group>";
		};
		7635F71F1E8B315100F69F81 /* SwiftFireMessaging */ = {
			isa = PBXGroup;
			children = (
				7635F7201E8B315100F69F81 /* AppDelegate.swift */,
				7635F7221E8B315100F69F81 /* ViewController.swift */,
				7635F7241E8B315100F69F81 /* Main.storyboard */,
				7635F72A1E8B315100F69F81 /* Assets.xcassets */,
				7635F72C1E8B315100F69F81 /* LaunchScreen.storyboard */,
				7635F72F1E8B315100F69F81 /* Info.plist */,
				7635F7271E8B315100F69F81 /* SwiftFireMessaging.xcdatamodeld */,
			);
			path = SwiftFireMessaging;
			sourceTree = "<group>";
		};
		C0BE46CA19D8DF1B490D0B7E /* Pods */ = {
			isa = PBXGroup;
			children = (
				9DA5190D24A056F63A87819A /* Pods-SwiftFireMessaging.debug.xcconfig */,
				DB4DB5F0A90FEBAD0D14999F /* Pods-SwiftFireMessaging.release.xcconfig */,
			);
			name = Pods;
			sourceTree = "<group>";
		};
/* End PBXGroup section */

/* Begin PBXNativeTarget section */
		7635F71C1E8B315100F69F81 /* SwiftFireMessaging */ = {
			isa = PBXNativeTarget;
			buildConfigurationList = 7635F7321E8B315100F69F81 /* Build configuration list for PBXNativeTarget "SwiftFireMessaging" */;
			buildPhases = (
				A741C5F24A261601DD406C27 /* [CP] Check Pods Manifest.lock */,
				7635F7191E8B315100F69F81 /* Sources */,
				7635F71A1E8B315100F69F81 /* Frameworks */,
				7635F71B1E8B315100F69F81 /* Resources */,
				2B2E2277A10A618320E300F0 /* [CP] Embed Pods Frameworks */,
				580E4DA802264419E1A0425F /* [CP] Copy Pods Resources */,
			);
			buildRules = (
			);
			dependencies = (
			);
			name = SwiftFireMessaging;
			productName = SwiftFireMessaging;
			productReference = 7635F71D1E8B315100F69F81 /* SwiftFireMessaging.app */;
			productType = "com.apple.product-type.application";
		};
/* End PBXNativeTarget section */

/* Begin PBXProject section */
		7635F7151E8B315100F69F81 /* Project object */ = {
			isa = PBXProject;
			attributes = {
				LastSwiftUpdateCheck = 0830;
				LastUpgradeCheck = 0830;
				ORGANIZATIONNAME = "Sahil Gangele";
				TargetAttributes = {
					7635F71C1E8B315100F69F81 = {
						CreatedOnToolsVersion = 8.3;
						ProvisioningStyle = Automatic;
					};
				};
			};
			buildConfigurationList = 7635F7181E8B315100F69F81 /* Build configuration list for PBXProject "SwiftFireMessaging" */;
			compatibilityVersion = "Xcode 3.2";
			developmentRegion = English;
			hasScannedForEncodings = 0;
			knownRegions = (
				en,
				Base,
			);
			mainGroup = 7635F7141E8B315100F69F81;
			productRefGroup = 7635F71E1E8B315100F69F81 /* Products */;
			projectDirPath = "";
			projectRoot = "";
			targets = (
				7635F71C1E8B315100F69F81 /* SwiftFireMessaging */,
			);
		};
/* End PBXProject section */

/* Begin PBXResourcesBuildPhase section */
		7635F71B1E8B315100F69F81 /* Resources */ = {
			isa = PBXResourcesBuildPhase;
			buildActionMask = 2147483647;
			files = (
				7635F72E1E8B315100F69F81 /* LaunchScreen.storyboard in Resources */,
				7635F72B1E8B315100F69F81 /* Assets.xcassets in Resources */,
				76DD8E641E8DFB2900B2AF63 /* GoogleService-Info.plist in Resources */,
				7635F7261E8B315100F69F81 /* Main.storyboard in Resources */,
			);
			runOnlyForDeploymentPostprocessing = 0;
		};
/* End PBXResourcesBuildPhase section */

/* Begin PBXShellScriptBuildPhase section */
		2B2E2277A10A618320E300F0 /* [CP] Embed Pods Frameworks */ = {
			isa = PBXShellScriptBuildPhase;
			buildActionMask = 2147483647;
			files = (
			);
			inputPaths = (
			);
			name = "[CP] Embed Pods Frameworks";
			outputPaths = (
			);
			runOnlyForDeploymentPostprocessing = 0;
			shellPath = /bin/sh;
			shellScript = "\"${SRCROOT}/Pods/Target Support Files/Pods-SwiftFireMessaging/Pods-SwiftFireMessaging-frameworks.sh\"\n";
			showEnvVarsInLog = 0;
		};
		580E4DA802264419E1A0425F /* [CP] Copy Pods Resources */ = {
			isa = PBXShellScriptBuildPhase;
			buildActionMask = 2147483647;
			files = (
			);
			inputPaths = (
			);
			name = "[CP] Copy Pods Resources";
			outputPaths = (
			);
			runOnlyForDeploymentPostprocessing = 0;
			shellPath = /bin/sh;
			shellScript = "\"${SRCROOT}/Pods/Target Support Files/Pods-SwiftFireMessaging/Pods-SwiftFireMessaging-resources.sh\"\n";
			showEnvVarsInLog = 0;
		};
		A741C5F24A261601DD406C27 /* [CP] Check Pods Manifest.lock */ = {
			isa = PBXShellScriptBuildPhase;
			buildActionMask = 2147483647;
			files = (
			);
			inputPaths = (
			);
			name = "[CP] Check Pods Manifest.lock";
			outputPaths = (
			);
			runOnlyForDeploymentPostprocessing = 0;
			shellPath = /bin/sh;
			shellScript = "diff \"${PODS_ROOT}/../Podfile.lock\" \"${PODS_ROOT}/Manifest.lock\" > /dev/null\nif [ $? != 0 ] ; then\n    # print error to STDERR\n    echo \"error: The sandbox is not in sync with the Podfile.lock. Run 'pod install' or update your CocoaPods installation.\" >&2\n    exit 1\nfi\n";
			showEnvVarsInLog = 0;
		};
/* End PBXShellScriptBuildPhase section */

/* Begin PBXSourcesBuildPhase section */
		7635F7191E8B315100F69F81 /* Sources */ = {
			isa = PBXSourcesBuildPhase;
			buildActionMask = 2147483647;
			files = (
				7635F7231E8B315100F69F81 /* ViewController.swift in Sources */,
				7635F7211E8B315100F69F81 /* AppDelegate.swift in Sources */,
				7635F7291E8B315100F69F81 /* SwiftFireMessaging.xcdatamodeld in Sources */,
			);
			runOnlyForDeploymentPostprocessing = 0;
		};
/* End PBXSourcesBuildPhase section */

/* Begin PBXVariantGroup section */
		7635F7241E8B315100F69F81 /* Main.storyboard */ = {
			isa = PBXVariantGroup;
			children = (
				7635F7251E8B315100F69F81 /* Base */,
			);
			name = Main.storyboard;
			sourceTree = "<group>";
		};
		7635F72C1E8B315100F69F81 /* LaunchScreen.storyboard */ = {
			isa = PBXVariantGroup;
			children = (
				7635F72D1E8B315100F69F81 /* Base */,
			);
			name = LaunchScreen.storyboard;
			sourceTree = "<group>";
		};
/* End PBXVariantGroup section */

/* Begin XCBuildConfiguration section */
		7635F7301E8B315100F69F81 /* Debug */ = {
			isa = XCBuildConfiguration;
			buildSettings = {
				ALWAYS_SEARCH_USER_PATHS = NO;
				CLANG_ANALYZER_NONNULL = YES;
				CLANG_ANALYZER_NUMBER_OBJECT_CONVERSION = YES_AGGRESSIVE;
				CLANG_CXX_LANGUAGE_STANDARD = "gnu++0x";
				CLANG_CXX_LIBRARY = "libc++";
				CLANG_ENABLE_MODULES = YES;
				CLANG_ENABLE_OBJC_ARC = YES;
				CLANG_WARN_BOOL_CONVERSION = YES;
				CLANG_WARN_CONSTANT_CONVERSION = YES;
				CLANG_WARN_DIRECT_OBJC_ISA_USAGE = YES_ERROR;
				CLANG_WARN_DOCUMENTATION_COMMENTS = YES;
				CLANG_WARN_EMPTY_BODY = YES;
				CLANG_WARN_ENUM_CONVERSION = YES;
				CLANG_WARN_INFINITE_RECURSION = YES;
				CLANG_WARN_INT_CONVERSION = YES;
				CLANG_WARN_OBJC_ROOT_CLASS = YES_ERROR;
				CLANG_WARN_SUSPICIOUS_MOVE = YES;
				CLANG_WARN_UNREACHABLE_CODE = YES;
				CLANG_WARN__DUPLICATE_METHOD_MATCH = YES;
				"CODE_SIGN_IDENTITY[sdk=iphoneos*]" = "iPhone Developer";
				COPY_PHASE_STRIP = NO;
				DEBUG_INFORMATION_FORMAT = dwarf;
				ENABLE_STRICT_OBJC_MSGSEND = YES;
				ENABLE_TESTABILITY = YES;
				GCC_C_LANGUAGE_STANDARD = gnu99;
				GCC_DYNAMIC_NO_PIC = NO;
				GCC_NO_COMMON_BLOCKS = YES;
				GCC_OPTIMIZATION_LEVEL = 0;
				GCC_PREPROCESSOR_DEFINITIONS = (
					"DEBUG=1",
					"$(inherited)",
				);
				GCC_WARN_64_TO_32_BIT_CONVERSION = YES;
				GCC_WARN_ABOUT_RETURN_TYPE = YES_ERROR;
				GCC_WARN_UNDECLARED_SELECTOR = YES;
				GCC_WARN_UNINITIALIZED_AUTOS = YES_AGGRESSIVE;
				GCC_WARN_UNUSED_FUNCTION = YES;
				GCC_WARN_UNUSED_VARIABLE = YES;
				IPHONEOS_DEPLOYMENT_TARGET = 10.3;
				MTL_ENABLE_DEBUG_INFO = YES;
				ONLY_ACTIVE_ARCH = YES;
				SDKROOT = iphoneos;
				SWIFT_ACTIVE_COMPILATION_CONDITIONS = DEBUG;
				SWIFT_OPTIMIZATION_LEVEL = "-Onone";
				TARGETED_DEVICE_FAMILY = "1,2";
			};
			name = Debug;
		};
		7635F7311E8B315100F69F81 /* Release */ = {
			isa = XCBuildConfiguration;
			buildSettings = {
				ALWAYS_SEARCH_USER_PATHS = NO;
				CLANG_ANALYZER_NONNULL = YES;
				CLANG_ANALYZER_NUMBER_OBJECT_CONVERSION = YES_AGGRESSIVE;
				CLANG_CXX_LANGUAGE_STANDARD = "gnu++0x";
				CLANG_CXX_LIBRARY = "libc++";
				CLANG_ENABLE_MODULES = YES;
				CLANG_ENABLE_OBJC_ARC = YES;
				CLANG_WARN_BOOL_CONVERSION = YES;
				CLANG_WARN_CONSTANT_CONVERSION = YES;
				CLANG_WARN_DIRECT_OBJC_ISA_USAGE = YES_ERROR;
				CLANG_WARN_DOCUMENTATION_COMMENTS = YES;
				CLANG_WARN_EMPTY_BODY = YES;
				CLANG_WARN_ENUM_CONVERSION = YES;
				CLANG_WARN_INFINITE_RECURSION = YES;
				CLANG_WARN_INT_CONVERSION = YES;
				CLANG_WARN_OBJC_ROOT_CLASS = YES_ERROR;
				CLANG_WARN_SUSPICIOUS_MOVE = YES;
				CLANG_WARN_UNREACHABLE_CODE = YES;
				CLANG_WARN__DUPLICATE_METHOD_MATCH = YES;
				"CODE_SIGN_IDENTITY[sdk=iphoneos*]" = "iPhone Developer";
				COPY_PHASE_STRIP = NO;
				DEBUG_INFORMATION_FORMAT = "dwarf-with-dsym";
				ENABLE_NS_ASSERTIONS = NO;
				ENABLE_STRICT_OBJC_MSGSEND = YES;
				GCC_C_LANGUAGE_STANDARD = gnu99;
				GCC_NO_COMMON_BLOCKS = YES;
				GCC_WARN_64_TO_32_BIT_CONVERSION = YES;
				GCC_WARN_ABOUT_RETURN_TYPE = YES_ERROR;
				GCC_WARN_UNDECLARED_SELECTOR = YES;
				GCC_WARN_UNINITIALIZED_AUTOS = YES_AGGRESSIVE;
				GCC_WARN_UNUSED_FUNCTION = YES;
				GCC_WARN_UNUSED_VARIABLE = YES;
				IPHONEOS_DEPLOYMENT_TARGET = 10.3;
				MTL_ENABLE_DEBUG_INFO = NO;
				SDKROOT = iphoneos;
				SWIFT_OPTIMIZATION_LEVEL = "-Owholemodule";
				TARGETED_DEVICE_FAMILY = "1,2";
				VALIDATE_PRODUCT = YES;
			};
			name = Release;
		};
		7635F7331E8B315100F69F81 /* Debug */ = {
			isa = XCBuildConfiguration;
			baseConfigurationReference = 9DA5190D24A056F63A87819A /* Pods-SwiftFireMessaging.debug.xcconfig */;
			buildSettings = {
				ASSETCATALOG_COMPILER_APPICON_NAME = AppIcon;
				INFOPLIST_FILE = SwiftFireMessaging/Info.plist;
				LD_RUNPATH_SEARCH_PATHS = "$(inherited) @executable_path/Frameworks";
				PRODUCT_BUNDLE_IDENTIFIER = com.example.SwiftFireMessaging;
				PRODUCT_NAME = "$(TARGET_NAME)";
				SWIFT_VERSION = 3.0;
			};
			name = Debug;
		};
		7635F7341E8B315100F69F81 /* Release */ = {
			isa = XCBuildConfiguration;
			baseConfigurationReference = DB4DB5F0A90FEBAD0D14999F /* Pods-SwiftFireMessaging.release.xcconfig */;
			buildSettings = {
				ASSETCATALOG_COMPILER_APPICON_NAME = AppIcon;
				INFOPLIST_FILE = SwiftFireMessaging/Info.plist;
				LD_RUNPATH_SEARCH_PATHS = "$(inherited) @executable_path/Frameworks";
				PRODUCT_BUNDLE_IDENTIFIER = com.example.SwiftFireMessaging;
				PRODUCT_NAME = "$(TARGET_NAME)";
				SWIFT_VERSION = 3.0;
			};
			name = Release;
		};
/* End XCBuildConfiguration section */

/* Begin XCConfigurationList section */
		7635F7181E8B315100F69F81 /* Build configuration list for PBXProject "SwiftFireMessaging" */ = {
			isa = XCConfigurationList;
			buildConfigurations = (
				7635F7301E8B315100F69F81 /* Debug */,
				7635F7311E8B315100F69F81 /* Release */,
			);
			defaultConfigurationIsVisible = 0;
			defaultConfigurationName = Release;
		};
		7635F7321E8B315100F69F81 /* Build configuration list for PBXNativeTarget "SwiftFireMessaging" */ = {
			isa = XCConfigurationList;
			buildConfigurations = (
				7635F7331E8B315100F69F81 /* Debug */,
				7635F7341E8B315100F69F81 /* Release */,
			);
			defaultConfigurationIsVisible = 0;
			defaultConfigurationName = Release;
		};
/* End XCConfigurationList section */

/* Begin XCVersionGroup section */
		7635F7271E8B315100F69F81 /* SwiftFireMessaging.xcdatamodeld */ = {
			isa = XCVersionGroup;
			children = (
				7635F7281E8B315100F69F81 /* SwiftFireMessaging.xcdatamodel */,
			);
			currentVersion = 7635F7281E8B315100F69F81 /* SwiftFireMessaging.xcdatamodel */;
			path = SwiftFireMessaging.xcdatamodeld;
			sourceTree = "<group>";
			versionGroupType = wrapper.xcdatamodel;
		};
/* End XCVersionGroup section */
	};
	rootObject = 7635F7151E8B315100F69F81 /* Project object */;
}
